
Microsoft Visual Studio Solution File, Format Version 12.00
Project("{FAE04EC0-301F-11D3-BF4B-00C04F79EFBC}") = "Petstore-ApiTest", "Petstore-ApiTest.csproj", "{93D9A10C-32F0-49D5-AAD5-1251CB2C2711}"
EndProject
Global
	GlobalSection(SolutionConfigurationPlatforms) = preSolution
		Debug|Any CPU = Debug|Any CPU
		Release|Any CPU = Release|Any CPU
	EndGlobalSection
	GlobalSection(ProjectConfigurationPlatforms) = postSolution
		{93D9A10C-32F0-49D5-AAD5-1251CB2C2711}.Debug|Any CPU.ActiveCfg = Debug|Any CPU
		{93D9A10C-32F0-49D5-AAD5-1251CB2C2711}.Debug|Any CPU.Build.0 = Debug|Any CPU
		{93D9A10C-32F0-49D5-AAD5-1251CB2C2711}.Release|Any CPU.ActiveCfg = Release|Any CPU
		{93D9A10C-32F0-49D5-AAD5-1251CB2C2711}.Release|Any CPU.Build.0 = Release|Any CPU
	EndGlobalSection
EndGlobal
